// !$*UTF8*$!
{
	archiveVersion = 1;
	classes = {
	};
	objectVersion = 48;
	objects = {

/* Begin PBXBuildFile section */
		7500F5EC211F8E9F000D3916 /* GameboyInterfaceViewController.swift in Sources */ = {isa = PBXBuildFile; fileRef = 7500F5EB211F8E9F000D3916 /* GameboyInterfaceViewController.swift */; };
		751E6AA32111180E00363A48 /* GBDisplayViewController.swift in Sources */ = {isa = PBXBuildFile; fileRef = 751E6AA22111180E00363A48 /* GBDisplayViewController.swift */; };
		7533A1F32141C06E0043C9BA /* UsefulExtensions.swift in Sources */ = {isa = PBXBuildFile; fileRef = 7533A1F22141C06E0043C9BA /* UsefulExtensions.swift */; };
		7544618720FB0FBF002C3687 /* Cartridge.swift in Sources */ = {isa = PBXBuildFile; fileRef = 7544618620FB0FBF002C3687 /* Cartridge.swift */; };
		7544618920FB1883002C3687 /* pokemon_blue.gb in Resources */ = {isa = PBXBuildFile; fileRef = 7544618820FB1883002C3687 /* pokemon_blue.gb */; };
		754BA1CF20B53E5E00858222 /* bios.gb in Resources */ = {isa = PBXBuildFile; fileRef = 754BA1CE20B53E5E00858222 /* bios.gb */; };
		754BA1D120B543CB00858222 /* GameBoyViewController.swift in Sources */ = {isa = PBXBuildFile; fileRef = 754BA1D020B543CB00858222 /* GameBoyViewController.swift */; };
		754BA1D820B5EEBF00858222 /* GameBoy.swift in Sources */ = {isa = PBXBuildFile; fileRef = 754BA1D720B5EEBF00858222 /* GameBoy.swift */; };
		754DFF7120B3D9CE00B3CDA3 /* Instruction.swift in Sources */ = {isa = PBXBuildFile; fileRef = 754DFF7020B3D9CE00B3CDA3 /* Instruction.swift */; };
		754DFF7320B3DECB00B3CDA3 /* MMU.swift in Sources */ = {isa = PBXBuildFile; fileRef = 754DFF7220B3DECB00B3CDA3 /* MMU.swift */; };
		754EA5DD21087F00005848D3 /* GameboyDebugger.swift in Sources */ = {isa = PBXBuildFile; fileRef = 754EA5DC21087F00005848D3 /* GameboyDebugger.swift */; };
		755F62AF210C78BD00530AD8 /* Timer.swift in Sources */ = {isa = PBXBuildFile; fileRef = 755F62AE210C78BD00530AD8 /* Timer.swift */; };
		75706AFB213B139B005BBE4A /* cpu_instrs.gb in Resources */ = {isa = PBXBuildFile; fileRef = 75706AFA213B1226005BBE4A /* cpu_instrs.gb */; };
		7586DB8E211D3EF400D702B8 /* InputController.swift in Sources */ = {isa = PBXBuildFile; fileRef = 7586DB8D211D3EF400D702B8 /* InputController.swift */; };
		7586DB92211D4E6F00D702B8 /* InputViewController.swift in Sources */ = {isa = PBXBuildFile; fileRef = 7586DB91211D4E6F00D702B8 /* InputViewController.swift */; };
		7590371420FC324D0065F70A /* GameboyDebugViewController.swift in Sources */ = {isa = PBXBuildFile; fileRef = 7590371320FC324D0065F70A /* GameboyDebugViewController.swift */; };
		75A58D8720A4D92D00CB2DD2 /* AppDelegate.swift in Sources */ = {isa = PBXBuildFile; fileRef = 75A58D8620A4D92D00CB2DD2 /* AppDelegate.swift */; };
		75A58D8C20A4D92D00CB2DD2 /* Main.storyboard in Resources */ = {isa = PBXBuildFile; fileRef = 75A58D8A20A4D92D00CB2DD2 /* Main.storyboard */; };
		75A58D8E20A4D92D00CB2DD2 /* Assets.xcassets in Resources */ = {isa = PBXBuildFile; fileRef = 75A58D8D20A4D92D00CB2DD2 /* Assets.xcassets */; };
		75A58D9120A4D92D00CB2DD2 /* LaunchScreen.storyboard in Resources */ = {isa = PBXBuildFile; fileRef = 75A58D8F20A4D92D00CB2DD2 /* LaunchScreen.storyboard */; };
		75A58D9920A4D94100CB2DD2 /* CPU.swift in Sources */ = {isa = PBXBuildFile; fileRef = 75A58D9820A4D94100CB2DD2 /* CPU.swift */; };
		75AE35EF211D51340005391B /* GBButton.swift in Sources */ = {isa = PBXBuildFile; fileRef = 75AE35EE211D51340005391B /* GBButton.swift */; };
		75D0BD712101BAE60004BA8E /* GPU.swift in Sources */ = {isa = PBXBuildFile; fileRef = 75D0BD702101BAE60004BA8E /* GPU.swift */; };
		75D44C6820EA062A00AFF9C2 /* Registers.swift in Sources */ = {isa = PBXBuildFile; fileRef = 75D44C6720EA062A00AFF9C2 /* Registers.swift */; };
		75D983F521424529009C0F74 /* Gb_Apu.cpp in Sources */ = {isa = PBXBuildFile; fileRef = 75D983E421424528009C0F74 /* Gb_Apu.cpp */; };
		75D983F621424529009C0F74 /* Gb_Apu_State.cpp in Sources */ = {isa = PBXBuildFile; fileRef = 75D983E621424528009C0F74 /* Gb_Apu_State.cpp */; };
		75D983F721424529009C0F74 /* Gb_Oscs.cpp in Sources */ = {isa = PBXBuildFile; fileRef = 75D983E821424528009C0F74 /* Gb_Oscs.cpp */; };
		75D983F821424529009C0F74 /* Effects_Buffer.cpp in Sources */ = {isa = PBXBuildFile; fileRef = 75D983E921424528009C0F74 /* Effects_Buffer.cpp */; };
		75D983FA21424529009C0F74 /* Multi_Buffer.cpp in Sources */ = {isa = PBXBuildFile; fileRef = 75D983F221424528009C0F74 /* Multi_Buffer.cpp */; };
		75D983FB21424529009C0F74 /* Blip_Buffer.cpp in Sources */ = {isa = PBXBuildFile; fileRef = 75D983F321424528009C0F74 /* Blip_Buffer.cpp */; };
		75D983FD2142669E009C0F74 /* Objc_Gb_Apu.mm in Sources */ = {isa = PBXBuildFile; fileRef = 75D983FC2142669E009C0F74 /* Objc_Gb_Apu.mm */; };
		75ED5318210F151D009BEFEB /* GBRenderer.swift in Sources */ = {isa = PBXBuildFile; fileRef = 75ED5317210F151D009BEFEB /* GBRenderer.swift */; };
		75ED531A210F156A009BEFEB /* Shaders.metal in Sources */ = {isa = PBXBuildFile; fileRef = 75ED5319210F156A009BEFEB /* Shaders.metal */; };
/* End PBXBuildFile section */

/* Begin PBXFileReference section */
		7500F5EB211F8E9F000D3916 /* GameboyInterfaceViewController.swift */ = {isa = PBXFileReference; lastKnownFileType = sourcecode.swift; path = GameboyInterfaceViewController.swift; sourceTree = "<group>"; };
		751E6AA22111180E00363A48 /* GBDisplayViewController.swift */ = {isa = PBXFileReference; lastKnownFileType = sourcecode.swift; path = GBDisplayViewController.swift; sourceTree = "<group>"; };
		7533A1F22141C06E0043C9BA /* UsefulExtensions.swift */ = {isa = PBXFileReference; lastKnownFileType = sourcecode.swift; path = UsefulExtensions.swift; sourceTree = "<group>"; };
		7544618620FB0FBF002C3687 /* Cartridge.swift */ = {isa = PBXFileReference; lastKnownFileType = sourcecode.swift; path = Cartridge.swift; sourceTree = "<group>"; };
		7544618820FB1883002C3687 /* pokemon_blue.gb */ = {isa = PBXFileReference; lastKnownFileType = file; path = pokemon_blue.gb; sourceTree = "<group>"; };
		754BA1CE20B53E5E00858222 /* bios.gb */ = {isa = PBXFileReference; lastKnownFileType = file; path = bios.gb; sourceTree = "<group>"; };
		754BA1D020B543CB00858222 /* GameBoyViewController.swift */ = {isa = PBXFileReference; lastKnownFileType = sourcecode.swift; path = GameBoyViewController.swift; sourceTree = "<group>"; };
		754BA1D720B5EEBF00858222 /* GameBoy.swift */ = {isa = PBXFileReference; lastKnownFileType = sourcecode.swift; path = GameBoy.swift; sourceTree = "<group>"; };
		754DFF7020B3D9CE00B3CDA3 /* Instruction.swift */ = {isa = PBXFileReference; lastKnownFileType = sourcecode.swift; path = Instruction.swift; sourceTree = "<group>"; };
		754DFF7220B3DECB00B3CDA3 /* MMU.swift */ = {isa = PBXFileReference; lastKnownFileType = sourcecode.swift; path = MMU.swift; sourceTree = "<group>"; };
		754EA5DC21087F00005848D3 /* GameboyDebugger.swift */ = {isa = PBXFileReference; lastKnownFileType = sourcecode.swift; path = GameboyDebugger.swift; sourceTree = "<group>"; };
		755F62AE210C78BD00530AD8 /* Timer.swift */ = {isa = PBXFileReference; lastKnownFileType = sourcecode.swift; path = Timer.swift; sourceTree = "<group>"; };
		75706AFA213B1226005BBE4A /* cpu_instrs.gb */ = {isa = PBXFileReference; lastKnownFileType = file; path = cpu_instrs.gb; sourceTree = "<group>"; };
		7586DB8D211D3EF400D702B8 /* InputController.swift */ = {isa = PBXFileReference; lastKnownFileType = sourcecode.swift; path = InputController.swift; sourceTree = "<group>"; };
		7586DB91211D4E6F00D702B8 /* InputViewController.swift */ = {isa = PBXFileReference; lastKnownFileType = sourcecode.swift; path = InputViewController.swift; sourceTree = "<group>"; };
		7590371320FC324D0065F70A /* GameboyDebugViewController.swift */ = {isa = PBXFileReference; lastKnownFileType = sourcecode.swift; path = GameboyDebugViewController.swift; sourceTree = "<group>"; };
		75A58D8320A4D92D00CB2DD2 /* GB.app */ = {isa = PBXFileReference; explicitFileType = wrapper.application; includeInIndex = 0; path = GB.app; sourceTree = BUILT_PRODUCTS_DIR; };
		75A58D8620A4D92D00CB2DD2 /* AppDelegate.swift */ = {isa = PBXFileReference; lastKnownFileType = sourcecode.swift; path = AppDelegate.swift; sourceTree = "<group>"; };
		75A58D8B20A4D92D00CB2DD2 /* Base */ = {isa = PBXFileReference; lastKnownFileType = file.storyboard; name = Base; path = Base.lproj/Main.storyboard; sourceTree = "<group>"; };
		75A58D8D20A4D92D00CB2DD2 /* Assets.xcassets */ = {isa = PBXFileReference; lastKnownFileType = folder.assetcatalog; path = Assets.xcassets; sourceTree = "<group>"; };
		75A58D9020A4D92D00CB2DD2 /* Base */ = {isa = PBXFileReference; lastKnownFileType = file.storyboard; name = Base; path = Base.lproj/LaunchScreen.storyboard; sourceTree = "<group>"; };
		75A58D9220A4D92D00CB2DD2 /* Info.plist */ = {isa = PBXFileReference; lastKnownFileType = text.plist.xml; path = Info.plist; sourceTree = "<group>"; };
		75A58D9820A4D94100CB2DD2 /* CPU.swift */ = {isa = PBXFileReference; lastKnownFileType = sourcecode.swift; path = CPU.swift; sourceTree = "<group>"; };
		75AE35EE211D51340005391B /* GBButton.swift */ = {isa = PBXFileReference; lastKnownFileType = sourcecode.swift; path = GBButton.swift; sourceTree = "<group>"; };
		75D0BD702101BAE60004BA8E /* GPU.swift */ = {isa = PBXFileReference; lastKnownFileType = sourcecode.swift; path = GPU.swift; sourceTree = "<group>"; };
		75D44C6720EA062A00AFF9C2 /* Registers.swift */ = {isa = PBXFileReference; lastKnownFileType = sourcecode.swift; path = Registers.swift; sourceTree = "<group>"; };
		75D983E321424527009C0F74 /* GB-Bridging-Header.h */ = {isa = PBXFileReference; lastKnownFileType = sourcecode.c.h; path = "GB-Bridging-Header.h"; sourceTree = "<group>"; };
		75D983E421424528009C0F74 /* Gb_Apu.cpp */ = {isa = PBXFileReference; fileEncoding = 4; lastKnownFileType = sourcecode.cpp.cpp; path = Gb_Apu.cpp; sourceTree = "<group>"; };
		75D983E521424528009C0F74 /* Multi_Buffer.h */ = {isa = PBXFileReference; fileEncoding = 4; lastKnownFileType = sourcecode.c.h; path = Multi_Buffer.h; sourceTree = "<group>"; };
		75D983E621424528009C0F74 /* Gb_Apu_State.cpp */ = {isa = PBXFileReference; fileEncoding = 4; lastKnownFileType = sourcecode.cpp.cpp; path = Gb_Apu_State.cpp; sourceTree = "<group>"; };
		75D983E721424528009C0F74 /* Blip_Buffer.h */ = {isa = PBXFileReference; fileEncoding = 4; lastKnownFileType = sourcecode.c.h; path = Blip_Buffer.h; sourceTree = "<group>"; };
		75D983E821424528009C0F74 /* Gb_Oscs.cpp */ = {isa = PBXFileReference; fileEncoding = 4; lastKnownFileType = sourcecode.cpp.cpp; path = Gb_Oscs.cpp; sourceTree = "<group>"; };
		75D983E921424528009C0F74 /* Effects_Buffer.cpp */ = {isa = PBXFileReference; fileEncoding = 4; lastKnownFileType = sourcecode.cpp.cpp; path = Effects_Buffer.cpp; sourceTree = "<group>"; };
		75D983EB21424528009C0F74 /* blargg_common.h */ = {isa = PBXFileReference; fileEncoding = 4; lastKnownFileType = sourcecode.c.h; path = blargg_common.h; sourceTree = "<group>"; };
		75D983EC21424528009C0F74 /* Blip_Synth.h */ = {isa = PBXFileReference; fileEncoding = 4; lastKnownFileType = sourcecode.c.h; path = Blip_Synth.h; sourceTree = "<group>"; };
		75D983EE21424528009C0F74 /* Gb_Oscs.h */ = {isa = PBXFileReference; fileEncoding = 4; lastKnownFileType = sourcecode.c.h; path = Gb_Oscs.h; sourceTree = "<group>"; };
		75D983EF21424528009C0F74 /* blargg_config.h */ = {isa = PBXFileReference; fileEncoding = 4; lastKnownFileType = sourcecode.c.h; path = blargg_config.h; sourceTree = "<group>"; };
		75D983F021424528009C0F74 /* Effects_Buffer.h */ = {isa = PBXFileReference; fileEncoding = 4; lastKnownFileType = sourcecode.c.h; path = Effects_Buffer.h; sourceTree = "<group>"; };
		75D983F121424528009C0F74 /* blargg_source.h */ = {isa = PBXFileReference; fileEncoding = 4; lastKnownFileType = sourcecode.c.h; path = blargg_source.h; sourceTree = "<group>"; };
		75D983F221424528009C0F74 /* Multi_Buffer.cpp */ = {isa = PBXFileReference; fileEncoding = 4; lastKnownFileType = sourcecode.cpp.cpp; path = Multi_Buffer.cpp; sourceTree = "<group>"; };
		75D983F321424528009C0F74 /* Blip_Buffer.cpp */ = {isa = PBXFileReference; fileEncoding = 4; lastKnownFileType = sourcecode.cpp.cpp; path = Blip_Buffer.cpp; sourceTree = "<group>"; };
		75D983F421424528009C0F74 /* Gb_Apu.h */ = {isa = PBXFileReference; fileEncoding = 4; lastKnownFileType = sourcecode.c.h; path = Gb_Apu.h; sourceTree = "<group>"; };
		75D983FC2142669E009C0F74 /* Objc_Gb_Apu.mm */ = {isa = PBXFileReference; lastKnownFileType = sourcecode.cpp.objcpp; path = Objc_Gb_Apu.mm; sourceTree = "<group>"; };
		75ED5317210F151D009BEFEB /* GBRenderer.swift */ = {isa = PBXFileReference; lastKnownFileType = sourcecode.swift; path = GBRenderer.swift; sourceTree = "<group>"; };
		75ED5319210F156A009BEFEB /* Shaders.metal */ = {isa = PBXFileReference; lastKnownFileType = sourcecode.metal; path = Shaders.metal; sourceTree = "<group>"; };
/* End PBXFileReference section */

/* Begin PBXFrameworksBuildPhase section */
		75A58D8020A4D92D00CB2DD2 /* Frameworks */ = {
			isa = PBXFrameworksBuildPhase;
			buildActionMask = 2147483647;
			files = (
			);
			runOnlyForDeploymentPostprocessing = 0;
		};
/* End PBXFrameworksBuildPhase section */

/* Begin PBXGroup section */
		754BA1D220B5452900858222 /* Gameboy */ = {
			isa = PBXGroup;
			children = (
				75D983E22142450A009C0F74 /* Audio */,
				75A58D9820A4D94100CB2DD2 /* CPU.swift */,
				75D0BD702101BAE60004BA8E /* GPU.swift */,
				754DFF7220B3DECB00B3CDA3 /* MMU.swift */,
				7586DB8D211D3EF400D702B8 /* InputController.swift */,
				755F62AE210C78BD00530AD8 /* Timer.swift */,
				75D44C6720EA062A00AFF9C2 /* Registers.swift */,
				754BA1D720B5EEBF00858222 /* GameBoy.swift */,
				7544618620FB0FBF002C3687 /* Cartridge.swift */,
				75ED5317210F151D009BEFEB /* GBRenderer.swift */,
				7533A1F22141C06E0043C9BA /* UsefulExtensions.swift */,
				75ED5319210F156A009BEFEB /* Shaders.metal */,
				754DFF7020B3D9CE00B3CDA3 /* Instruction.swift */,
				75706AFA213B1226005BBE4A /* cpu_instrs.gb */,
				7544618820FB1883002C3687 /* pokemon_blue.gb */,
				754BA1CE20B53E5E00858222 /* bios.gb */,
			);
			path = Gameboy;
			sourceTree = "<group>";
		};
		75A58D7A20A4D92D00CB2DD2 = {
			isa = PBXGroup;
			children = (
				75A58D8520A4D92D00CB2DD2 /* GB */,
				75A58D8420A4D92D00CB2DD2 /* Products */,
			);
			sourceTree = "<group>";
		};
		75A58D8420A4D92D00CB2DD2 /* Products */ = {
			isa = PBXGroup;
			children = (
				75A58D8320A4D92D00CB2DD2 /* GB.app */,
			);
			name = Products;
			sourceTree = "<group>";
		};
		75A58D8520A4D92D00CB2DD2 /* GB */ = {
			isa = PBXGroup;
			children = (
				7586DB91211D4E6F00D702B8 /* InputViewController.swift */,
				75AE35EE211D51340005391B /* GBButton.swift */,
				751E6AA22111180E00363A48 /* GBDisplayViewController.swift */,
				7500F5EB211F8E9F000D3916 /* GameboyInterfaceViewController.swift */,
				754EA5DC21087F00005848D3 /* GameboyDebugger.swift */,
				754BA1D220B5452900858222 /* Gameboy */,
				75A58D8620A4D92D00CB2DD2 /* AppDelegate.swift */,
				75A58D8A20A4D92D00CB2DD2 /* Main.storyboard */,
				75A58D8D20A4D92D00CB2DD2 /* Assets.xcassets */,
				75A58D8F20A4D92D00CB2DD2 /* LaunchScreen.storyboard */,
				75A58D9220A4D92D00CB2DD2 /* Info.plist */,
				7590371320FC324D0065F70A /* GameboyDebugViewController.swift */,
				754BA1D020B543CB00858222 /* GameBoyViewController.swift */,
			);
			path = GB;
			sourceTree = "<group>";
		};
		75D983E22142450A009C0F74 /* Audio */ = {
			isa = PBXGroup;
			children = (
				75D983EB21424528009C0F74 /* blargg_common.h */,
				75D983EF21424528009C0F74 /* blargg_config.h */,
				75D983F121424528009C0F74 /* blargg_source.h */,
				75D983F321424528009C0F74 /* Blip_Buffer.cpp */,
				75D983E721424528009C0F74 /* Blip_Buffer.h */,
				75D983EC21424528009C0F74 /* Blip_Synth.h */,
				75D983E921424528009C0F74 /* Effects_Buffer.cpp */,
				75D983F021424528009C0F74 /* Effects_Buffer.h */,
				75D983E621424528009C0F74 /* Gb_Apu_State.cpp */,
				75D983E421424528009C0F74 /* Gb_Apu.cpp */,
				75D983F421424528009C0F74 /* Gb_Apu.h */,
				75D983E821424528009C0F74 /* Gb_Oscs.cpp */,
				75D983EE21424528009C0F74 /* Gb_Oscs.h */,
				75D983F221424528009C0F74 /* Multi_Buffer.cpp */,
				75D983E521424528009C0F74 /* Multi_Buffer.h */,
				75D983E321424527009C0F74 /* GB-Bridging-Header.h */,
				75D983FC2142669E009C0F74 /* Objc_Gb_Apu.mm */,
			);
			path = Audio;
			sourceTree = "<group>";
		};
/* End PBXGroup section */

/* Begin PBXNativeTarget section */
		75A58D8220A4D92D00CB2DD2 /* GB */ = {
			isa = PBXNativeTarget;
			buildConfigurationList = 75A58D9520A4D92D00CB2DD2 /* Build configuration list for PBXNativeTarget "GB" */;
			buildPhases = (
				75A58D7F20A4D92D00CB2DD2 /* Sources */,
				75A58D8020A4D92D00CB2DD2 /* Frameworks */,
				75A58D8120A4D92D00CB2DD2 /* Resources */,
			);
			buildRules = (
			);
			dependencies = (
			);
			name = GB;
			productName = GB;
			productReference = 75A58D8320A4D92D00CB2DD2 /* GB.app */;
			productType = "com.apple.product-type.application";
		};
/* End PBXNativeTarget section */

/* Begin PBXProject section */
		75A58D7B20A4D92D00CB2DD2 /* Project object */ = {
			isa = PBXProject;
			attributes = {
				LastSwiftUpdateCheck = 0920;
				LastUpgradeCheck = 0940;
				ORGANIZATIONNAME = "Nathan Gelman";
				TargetAttributes = {
					75A58D8220A4D92D00CB2DD2 = {
						CreatedOnToolsVersion = 9.2;
						LastSwiftMigration = 0940;
						ProvisioningStyle = Automatic;
					};
				};
			};
			buildConfigurationList = 75A58D7E20A4D92D00CB2DD2 /* Build configuration list for PBXProject "GB" */;
			compatibilityVersion = "Xcode 8.0";
			developmentRegion = en;
			hasScannedForEncodings = 0;
			knownRegions = (
				en,
				Base,
			);
			mainGroup = 75A58D7A20A4D92D00CB2DD2;
			productRefGroup = 75A58D8420A4D92D00CB2DD2 /* Products */;
			projectDirPath = "";
			projectRoot = "";
			targets = (
				75A58D8220A4D92D00CB2DD2 /* GB */,
			);
		};
/* End PBXProject section */

/* Begin PBXResourcesBuildPhase section */
		75A58D8120A4D92D00CB2DD2 /* Resources */ = {
			isa = PBXResourcesBuildPhase;
			buildActionMask = 2147483647;
			files = (
				75A58D9120A4D92D00CB2DD2 /* LaunchScreen.storyboard in Resources */,
				75A58D8E20A4D92D00CB2DD2 /* Assets.xcassets in Resources */,
				7544618920FB1883002C3687 /* pokemon_blue.gb in Resources */,
				75A58D8C20A4D92D00CB2DD2 /* Main.storyboard in Resources */,
				75706AFB213B139B005BBE4A /* cpu_instrs.gb in Resources */,
				754BA1CF20B53E5E00858222 /* bios.gb in Resources */,
			);
			runOnlyForDeploymentPostprocessing = 0;
		};
/* End PBXResourcesBuildPhase section */

/* Begin PBXSourcesBuildPhase section */
		75A58D7F20A4D92D00CB2DD2 /* Sources */ = {
			isa = PBXSourcesBuildPhase;
			buildActionMask = 2147483647;
			files = (
				75D983FD2142669E009C0F74 /* Objc_Gb_Apu.mm in Sources */,
				75D983F521424529009C0F74 /* Gb_Apu.cpp in Sources */,
				75AE35EF211D51340005391B /* GBButton.swift in Sources */,
				754DFF7320B3DECB00B3CDA3 /* MMU.swift in Sources */,
				7544618720FB0FBF002C3687 /* Cartridge.swift in Sources */,
				754BA1D120B543CB00858222 /* GameBoyViewController.swift in Sources */,
				755F62AF210C78BD00530AD8 /* Timer.swift in Sources */,
				7533A1F32141C06E0043C9BA /* UsefulExtensions.swift in Sources */,
				7586DB92211D4E6F00D702B8 /* InputViewController.swift in Sources */,
				7586DB8E211D3EF400D702B8 /* InputController.swift in Sources */,
				7590371420FC324D0065F70A /* GameboyDebugViewController.swift in Sources */,
				75ED5318210F151D009BEFEB /* GBRenderer.swift in Sources */,
				75A58D8720A4D92D00CB2DD2 /* AppDelegate.swift in Sources */,
				75D983F821424529009C0F74 /* Effects_Buffer.cpp in Sources */,
				754EA5DD21087F00005848D3 /* GameboyDebugger.swift in Sources */,
				75ED531A210F156A009BEFEB /* Shaders.metal in Sources */,
				75D0BD712101BAE60004BA8E /* GPU.swift in Sources */,
				751E6AA32111180E00363A48 /* GBDisplayViewController.swift in Sources */,
				754DFF7120B3D9CE00B3CDA3 /* Instruction.swift in Sources */,
				75D44C6820EA062A00AFF9C2 /* Registers.swift in Sources */,
				75D983F721424529009C0F74 /* Gb_Oscs.cpp in Sources */,
				75D983FB21424529009C0F74 /* Blip_Buffer.cpp in Sources */,
				75D983FA21424529009C0F74 /* Multi_Buffer.cpp in Sources */,
				754BA1D820B5EEBF00858222 /* GameBoy.swift in Sources */,
				75D983F621424529009C0F74 /* Gb_Apu_State.cpp in Sources */,
				7500F5EC211F8E9F000D3916 /* GameboyInterfaceViewController.swift in Sources */,
				75A58D9920A4D94100CB2DD2 /* CPU.swift in Sources */,
			);
			runOnlyForDeploymentPostprocessing = 0;
		};
/* End PBXSourcesBuildPhase section */

/* Begin PBXVariantGroup section */
		75A58D8A20A4D92D00CB2DD2 /* Main.storyboard */ = {
			isa = PBXVariantGroup;
			children = (
				75A58D8B20A4D92D00CB2DD2 /* Base */,
			);
			name = Main.storyboard;
			sourceTree = "<group>";
		};
		75A58D8F20A4D92D00CB2DD2 /* LaunchScreen.storyboard */ = {
			isa = PBXVariantGroup;
			children = (
				75A58D9020A4D92D00CB2DD2 /* Base */,
			);
			name = LaunchScreen.storyboard;
			sourceTree = "<group>";
		};
/* End PBXVariantGroup section */

/* Begin XCBuildConfiguration section */
		75A58D9320A4D92D00CB2DD2 /* Debug */ = {
			isa = XCBuildConfiguration;
			buildSettings = {
				ALWAYS_SEARCH_USER_PATHS = NO;
				CLANG_ANALYZER_NONNULL = YES;
				CLANG_ANALYZER_NUMBER_OBJECT_CONVERSION = YES_AGGRESSIVE;
				CLANG_CXX_LANGUAGE_STANDARD = "gnu++14";
				CLANG_CXX_LIBRARY = "libc++";
				CLANG_ENABLE_MODULES = YES;
				CLANG_ENABLE_OBJC_ARC = YES;
				CLANG_WARN_BLOCK_CAPTURE_AUTORELEASING = YES;
				CLANG_WARN_BOOL_CONVERSION = YES;
				CLANG_WARN_COMMA = YES;
				CLANG_WARN_CONSTANT_CONVERSION = YES;
				CLANG_WARN_DEPRECATED_OBJC_IMPLEMENTATIONS = YES;
				CLANG_WARN_DIRECT_OBJC_ISA_USAGE = YES_ERROR;
				CLANG_WARN_DOCUMENTATION_COMMENTS = YES;
				CLANG_WARN_EMPTY_BODY = YES;
				CLANG_WARN_ENUM_CONVERSION = YES;
				CLANG_WARN_INFINITE_RECURSION = YES;
				CLANG_WARN_INT_CONVERSION = YES;
				CLANG_WARN_NON_LITERAL_NULL_CONVERSION = YES;
				CLANG_WARN_OBJC_IMPLICIT_RETAIN_SELF = YES;
				CLANG_WARN_OBJC_LITERAL_CONVERSION = YES;
				CLANG_WARN_OBJC_ROOT_CLASS = YES_ERROR;
				CLANG_WARN_RANGE_LOOP_ANALYSIS = YES;
				CLANG_WARN_STRICT_PROTOTYPES = YES;
				CLANG_WARN_SUSPICIOUS_MOVE = YES;
				CLANG_WARN_UNGUARDED_AVAILABILITY = YES_AGGRESSIVE;
				CLANG_WARN_UNREACHABLE_CODE = YES;
				CLANG_WARN__DUPLICATE_METHOD_MATCH = YES;
				CODE_SIGN_IDENTITY = "iPhone Developer";
				COPY_PHASE_STRIP = NO;
				DEBUG_INFORMATION_FORMAT = dwarf;
				ENABLE_STRICT_OBJC_MSGSEND = YES;
				ENABLE_TESTABILITY = YES;
				GCC_C_LANGUAGE_STANDARD = gnu11;
				GCC_DYNAMIC_NO_PIC = NO;
				GCC_NO_COMMON_BLOCKS = YES;
				GCC_OPTIMIZATION_LEVEL = 0;
				GCC_PREPROCESSOR_DEFINITIONS = (
					"DEBUG=1",
					"$(inherited)",
				);
				GCC_WARN_64_TO_32_BIT_CONVERSION = YES;
				GCC_WARN_ABOUT_RETURN_TYPE = YES_ERROR;
				GCC_WARN_UNDECLARED_SELECTOR = YES;
				GCC_WARN_UNINITIALIZED_AUTOS = YES_AGGRESSIVE;
				GCC_WARN_UNUSED_FUNCTION = YES;
				GCC_WARN_UNUSED_VARIABLE = YES;
				IPHONEOS_DEPLOYMENT_TARGET = 11.2;
				MTL_ENABLE_DEBUG_INFO = YES;
				ONLY_ACTIVE_ARCH = YES;
				SDKROOT = iphoneos;
				SWIFT_ACTIVE_COMPILATION_CONDITIONS = DEBUG;
				SWIFT_COMPILATION_MODE = singlefile;
				SWIFT_OPTIMIZATION_LEVEL = "-Onone";
			};
			name = Debug;
		};
		75A58D9420A4D92D00CB2DD2 /* Release */ = {
			isa = XCBuildConfiguration;
			buildSettings = {
				ALWAYS_SEARCH_USER_PATHS = NO;
				CLANG_ANALYZER_NONNULL = YES;
				CLANG_ANALYZER_NUMBER_OBJECT_CONVERSION = YES_AGGRESSIVE;
				CLANG_CXX_LANGUAGE_STANDARD = "gnu++14";
				CLANG_CXX_LIBRARY = "libc++";
				CLANG_ENABLE_MODULES = YES;
				CLANG_ENABLE_OBJC_ARC = YES;
				CLANG_WARN_BLOCK_CAPTURE_AUTORELEASING = YES;
				CLANG_WARN_BOOL_CONVERSION = YES;
				CLANG_WARN_COMMA = YES;
				CLANG_WARN_CONSTANT_CONVERSION = YES;
				CLANG_WARN_DEPRECATED_OBJC_IMPLEMENTATIONS = YES;
				CLANG_WARN_DIRECT_OBJC_ISA_USAGE = YES_ERROR;
				CLANG_WARN_DOCUMENTATION_COMMENTS = YES;
				CLANG_WARN_EMPTY_BODY = YES;
				CLANG_WARN_ENUM_CONVERSION = YES;
				CLANG_WARN_INFINITE_RECURSION = YES;
				CLANG_WARN_INT_CONVERSION = YES;
				CLANG_WARN_NON_LITERAL_NULL_CONVERSION = YES;
				CLANG_WARN_OBJC_IMPLICIT_RETAIN_SELF = YES;
				CLANG_WARN_OBJC_LITERAL_CONVERSION = YES;
				CLANG_WARN_OBJC_ROOT_CLASS = YES_ERROR;
				CLANG_WARN_RANGE_LOOP_ANALYSIS = YES;
				CLANG_WARN_STRICT_PROTOTYPES = YES;
				CLANG_WARN_SUSPICIOUS_MOVE = YES;
				CLANG_WARN_UNGUARDED_AVAILABILITY = YES_AGGRESSIVE;
				CLANG_WARN_UNREACHABLE_CODE = YES;
				CLANG_WARN__DUPLICATE_METHOD_MATCH = YES;
				CODE_SIGN_IDENTITY = "iPhone Developer";
				COPY_PHASE_STRIP = NO;
				DEBUG_INFORMATION_FORMAT = "dwarf-with-dsym";
				ENABLE_NS_ASSERTIONS = NO;
				ENABLE_STRICT_OBJC_MSGSEND = YES;
				GCC_C_LANGUAGE_STANDARD = gnu11;
				GCC_NO_COMMON_BLOCKS = YES;
				GCC_WARN_64_TO_32_BIT_CONVERSION = YES;
				GCC_WARN_ABOUT_RETURN_TYPE = YES_ERROR;
				GCC_WARN_UNDECLARED_SELECTOR = YES;
				GCC_WARN_UNINITIALIZED_AUTOS = YES_AGGRESSIVE;
				GCC_WARN_UNUSED_FUNCTION = YES;
				GCC_WARN_UNUSED_VARIABLE = YES;
				IPHONEOS_DEPLOYMENT_TARGET = 11.2;
				MTL_ENABLE_DEBUG_INFO = NO;
				SDKROOT = iphoneos;
				SWIFT_OPTIMIZATION_LEVEL = "-Owholemodule";
				VALIDATE_PRODUCT = YES;
			};
			name = Release;
		};
		75A58D9620A4D92D00CB2DD2 /* Debug */ = {
			isa = XCBuildConfiguration;
			buildSettings = {
				ASSETCATALOG_COMPILER_APPICON_NAME = AppIcon;
				CLANG_ENABLE_MODULES = YES;
				CODE_SIGN_STYLE = Automatic;
				DEVELOPMENT_TEAM = Y7FVZ8LLL3;
				INFOPLIST_FILE = GB/Info.plist;
				LD_RUNPATH_SEARCH_PATHS = "$(inherited) @executable_path/Frameworks";
				PRODUCT_BUNDLE_IDENTIFIER = nathangelman.GB;
				PRODUCT_NAME = "$(TARGET_NAME)";
				SWIFT_OBJC_BRIDGING_HEADER = "GB/Gameboy/Audio/GB-Bridging-Header.h";
				SWIFT_OPTIMIZATION_LEVEL = "-Onone";
				SWIFT_VERSION = 4.0;
				TARGETED_DEVICE_FAMILY = "1,2";
			};
			name = Debug;
		};
		75A58D9720A4D92D00CB2DD2 /* Release */ = {
			isa = XCBuildConfiguration;
			buildSettings = {
				ASSETCATALOG_COMPILER_APPICON_NAME = AppIcon;
				CLANG_ENABLE_MODULES = YES;
				CODE_SIGN_STYLE = Automatic;
				DEVELOPMENT_TEAM = Y7FVZ8LLL3;
				INFOPLIST_FILE = GB/Info.plist;
				LD_RUNPATH_SEARCH_PATHS = "$(inherited) @executable_path/Frameworks";
				PRODUCT_BUNDLE_IDENTIFIER = nathangelman.GB;
				PRODUCT_NAME = "$(TARGET_NAME)";
				SWIFT_OBJC_BRIDGING_HEADER = "GB/Gameboy/Audio/GB-Bridging-Header.h";
				SWIFT_VERSION = 4.0;
				TARGETED_DEVICE_FAMILY = "1,2";
			};
			name = Release;
		};
/* End XCBuildConfiguration section */

/* Begin XCConfigurationList section */
		75A58D7E20A4D92D00CB2DD2 /* Build configuration list for PBXProject "GB" */ = {
			isa = XCConfigurationList;
			buildConfigurations = (
				75A58D9320A4D92D00CB2DD2 /* Debug */,
				75A58D9420A4D92D00CB2DD2 /* Release */,
			);
			defaultConfigurationIsVisible = 0;
			defaultConfigurationName = Release;
		};
		75A58D9520A4D92D00CB2DD2 /* Build configuration list for PBXNativeTarget "GB" */ = {
			isa = XCConfigurationList;
			buildConfigurations = (
				75A58D9620A4D92D00CB2DD2 /* Debug */,
				75A58D9720A4D92D00CB2DD2 /* Release */,
			);
			defaultConfigurationIsVisible = 0;
			defaultConfigurationName = Release;
		};
/* End XCConfigurationList section */
	};
	rootObject = 75A58D7B20A4D92D00CB2DD2 /* Project object */;
}
